
Microsoft Visual Studio Solution File, Format Version 12.00
Project("{FAE04EC0-301F-11D3-BF4B-00C04F79EFBC}") = "todoList", "todoList\todoList.csproj", "{FFF1D461-69C7-4C49-BF29-9C2EC933A492}"
EndProject
Global
	GlobalSection(SolutionConfigurationPlatforms) = preSolution
		Debug|Any CPU = Debug|Any CPU
		Release|Any CPU = Release|Any CPU
	EndGlobalSection
	GlobalSection(ProjectConfigurationPlatforms) = postSolution
		{FFF1D461-69C7-4C49-BF29-9C2EC933A492}.Debug|Any CPU.ActiveCfg = Debug|Any CPU
		{FFF1D461-69C7-4C49-BF29-9C2EC933A492}.Debug|Any CPU.Build.0 = Debug|Any CPU
		{FFF1D461-69C7-4C49-BF29-9C2EC933A492}.Release|Any CPU.ActiveCfg = Release|Any CPU
		{FFF1D461-69C7-4C49-BF29-9C2EC933A492}.Release|Any CPU.Build.0 = Release|Any CPU
	EndGlobalSection
EndGlobal
